<?xml version="1.0" encoding="utf-8"?>
<Project ToolsVersion="4.0" xmlns="http://schemas.microsoft.com/developer/msbuild/2003">
  <ItemGroup>
    <Filter Include="Precompiled">
      <UniqueIdentifier>{c54e400a-0b22-4fb9-ad4a-68aaa9abc7ca}</UniqueIdentifier>
    </Filter>
    <Filter Include="Game">
      <UniqueIdentifier>{d6a6b6cd-f9a5-4355-88ae-c73c49b1ecae}</UniqueIdentifier>
    </Filter>
    <Filter Include="Game\Levels">
      <UniqueIdentifier>{eb42e325-6dc2-4ec9-a38c-fed4827f3174}</UniqueIdentifier>
    </Filter>
    <Filter Include="Game\Behaviors">
      <UniqueIdentifier>{30b4313e-2f34-40ba-9613-d250bab122eb}</UniqueIdentifier>
    </Filter>
  </ItemGroup>
  <ItemGroup>
    <ClCompile Include="Source\stdafx.cpp">
      <Filter>Precompiled</Filter>
    </ClCompile>
    <ClCompile Include="Source\Main.cpp" />
    <ClCompile Include="Source\Level1.cpp">
      <Filter>Game\Levels</Filter>
    </ClCompile>
  </ItemGroup>
  <ItemGroup>
    <ClInclude Include="Source\stdafx.h">
      <Filter>Precompiled</Filter>
    </ClInclude>
    <ClInclude Include="Source\Level1.h">
      <Filter>Game\Levels</Filter>
    </ClInclude>
  </ItemGroup>
</Project>